
Microsoft Visual Studio Solution File, Format Version 12.00
# Visual Studio Version 17
VisualStudioVersion = 17.2.32616.157
MinimumVisualStudioVersion = 10.0.40219.1
Project("{2150E333-8FDC-42A3-9474-1A3956D46DE8}") = "src", "src", "{6DDC989E-1074-4D59-B3C0-3FF84E639B1B}"
EndProject
Project("{2150E333-8FDC-42A3-9474-1A3956D46DE8}") = "building blocks", "building blocks", "{E0B594C9-5720-491B-BF19-D3C814CF8C9E}"
EndProject
Project("{2150E333-8FDC-42A3-9474-1A3956D46DE8}") = "services", "services", "{A06E6C8A-2CF4-42C6-9AB5-04EFE417955A}"
EndProject
Project("{2150E333-8FDC-42A3-9474-1A3956D46DE8}") = "web", "web", "{AFF9FE83-A00D-4779-9E40-C6D03F3381E4}"
EndProject
Project("{2150E333-8FDC-42A3-9474-1A3956D46DE8}") = "identidade", "identidade", "{2DFF9FAF-51ED-42FE-B7AC-CF74F8587955}"
EndProject
Project("{2150E333-8FDC-42A3-9474-1A3956D46DE8}") = "mvc", "mvc", "{253266AB-20E2-4817-A4A2-5C25BF3F13D6}"
EndProject
Project("{9A19103F-16F7-4668-BE54-9A1E7A4F7556}") = "BRN.identidade.API", "src\services\BRN.identidade.API\BRN.identidade.API.csproj", "{ED34647C-D7D4-4B3E-B233-E64C4544CF56}"
EndProject
Project("{9A19103F-16F7-4668-BE54-9A1E7A4F7556}") = "BRN.WebApp.MVC", "src\web\BRN.WebApp.MVC\BRN.WebApp.MVC.csproj", "{D959EF1B-BE9E-4B31-8745-F3F431561DB1}"
EndProject
Project("{2150E333-8FDC-42A3-9474-1A3956D46DE8}") = "core", "core", "{22470EFF-E7C2-4683-A1B0-AC59A42B5A77}"
EndProject
Project("{9A19103F-16F7-4668-BE54-9A1E7A4F7556}") = "BRN.Core", "src\building blocks\BRN.Core\BRN.Core.csproj", "{4171AA67-C399-4B61-9F04-9D3FE26A2366}"
EndProject
Project("{2150E333-8FDC-42A3-9474-1A3956D46DE8}") = "carrinho", "carrinho", "{4A8ED163-8C80-4B26-842C-8129C6F13B15}"
EndProject
Project("{2150E333-8FDC-42A3-9474-1A3956D46DE8}") = "catalogo", "catalogo", "{4BD057E2-73BE-4044-9C9F-EBDA2BA14EE2}"
EndProject
Project("{2150E333-8FDC-42A3-9474-1A3956D46DE8}") = "cliente", "cliente", "{10167739-4ADA-4977-B50B-C7D58ECB01B7}"
EndProject
Project("{2150E333-8FDC-42A3-9474-1A3956D46DE8}") = "pagamento", "pagamento", "{FACC69A2-8A62-40BD-8712-2FD7F0A74580}"
EndProject
Project("{2150E333-8FDC-42A3-9474-1A3956D46DE8}") = "pedido", "pedido", "{13A76273-5159-4633-BD51-B3529E62A661}"
EndProject
Project("{9A19103F-16F7-4668-BE54-9A1E7A4F7556}") = "BRN.carrinho", "src\services\BRN.carrinho\BRN.carrinho.csproj", "{CF8D0639-11EE-4A38-99F2-C759B9A09DBC}"
EndProject
Project("{9A19103F-16F7-4668-BE54-9A1E7A4F7556}") = "BRN.catalogo.API", "src\services\BRN.catalogo.API\BRN.catalogo.API.csproj", "{97293331-ACF0-403A-9DAE-0E7F8319A6B9}"
EndProject
Project("{9A19103F-16F7-4668-BE54-9A1E7A4F7556}") = "BRN.cliente.API", "src\services\BRN.cliente.API\BRN.cliente.API.csproj", "{30119BBD-07BD-4254-93B0-078CB4279D08}"
EndProject
Project("{9A19103F-16F7-4668-BE54-9A1E7A4F7556}") = "BRN.pagamento.API", "src\services\BRN.pagamento.API\BRN.pagamento.API.csproj", "{33C42B88-3DB8-4394-83DC-F70C49C292E0}"
EndProject
Project("{9A19103F-16F7-4668-BE54-9A1E7A4F7556}") = "BRN.pedido.API", "src\services\BRN.pedido.API\BRN.pedido.API.csproj", "{4F9EA5EB-8321-4AED-AF31-61437BF9A3D5}"
EndProject
Global
	GlobalSection(SolutionConfigurationPlatforms) = preSolution
		Debug|Any CPU = Debug|Any CPU
		Release|Any CPU = Release|Any CPU
	EndGlobalSection
	GlobalSection(ProjectConfigurationPlatforms) = postSolution
		{ED34647C-D7D4-4B3E-B233-E64C4544CF56}.Debug|Any CPU.ActiveCfg = Debug|Any CPU
		{ED34647C-D7D4-4B3E-B233-E64C4544CF56}.Debug|Any CPU.Build.0 = Debug|Any CPU
		{ED34647C-D7D4-4B3E-B233-E64C4544CF56}.Release|Any CPU.ActiveCfg = Release|Any CPU
		{ED34647C-D7D4-4B3E-B233-E64C4544CF56}.Release|Any CPU.Build.0 = Release|Any CPU
		{D959EF1B-BE9E-4B31-8745-F3F431561DB1}.Debug|Any CPU.ActiveCfg = Debug|Any CPU
		{D959EF1B-BE9E-4B31-8745-F3F431561DB1}.Debug|Any CPU.Build.0 = Debug|Any CPU
		{D959EF1B-BE9E-4B31-8745-F3F431561DB1}.Release|Any CPU.ActiveCfg = Release|Any CPU
		{D959EF1B-BE9E-4B31-8745-F3F431561DB1}.Release|Any CPU.Build.0 = Release|Any CPU
		{4171AA67-C399-4B61-9F04-9D3FE26A2366}.Debug|Any CPU.ActiveCfg = Debug|Any CPU
		{4171AA67-C399-4B61-9F04-9D3FE26A2366}.Debug|Any CPU.Build.0 = Debug|Any CPU
		{4171AA67-C399-4B61-9F04-9D3FE26A2366}.Release|Any CPU.ActiveCfg = Release|Any CPU
		{4171AA67-C399-4B61-9F04-9D3FE26A2366}.Release|Any CPU.Build.0 = Release|Any CPU
		{CF8D0639-11EE-4A38-99F2-C759B9A09DBC}.Debug|Any CPU.ActiveCfg = Debug|Any CPU
		{CF8D0639-11EE-4A38-99F2-C759B9A09DBC}.Debug|Any CPU.Build.0 = Debug|Any CPU
		{CF8D0639-11EE-4A38-99F2-C759B9A09DBC}.Release|Any CPU.ActiveCfg = Release|Any CPU
		{CF8D0639-11EE-4A38-99F2-C759B9A09DBC}.Release|Any CPU.Build.0 = Release|Any CPU
		{97293331-ACF0-403A-9DAE-0E7F8319A6B9}.Debug|Any CPU.ActiveCfg = Debug|Any CPU
		{97293331-ACF0-403A-9DAE-0E7F8319A6B9}.Debug|Any CPU.Build.0 = Debug|Any CPU
		{97293331-ACF0-403A-9DAE-0E7F8319A6B9}.Release|Any CPU.ActiveCfg = Release|Any CPU
		{97293331-ACF0-403A-9DAE-0E7F8319A6B9}.Release|Any CPU.Build.0 = Release|Any CPU
		{30119BBD-07BD-4254-93B0-078CB4279D08}.Debug|Any CPU.ActiveCfg = Debug|Any CPU
		{30119BBD-07BD-4254-93B0-078CB4279D08}.Debug|Any CPU.Build.0 = Debug|Any CPU
		{30119BBD-07BD-4254-93B0-078CB4279D08}.Release|Any CPU.ActiveCfg = Release|Any CPU
		{30119BBD-07BD-4254-93B0-078CB4279D08}.Release|Any CPU.Build.0 = Release|Any CPU
		{33C42B88-3DB8-4394-83DC-F70C49C292E0}.Debug|Any CPU.ActiveCfg = Debug|Any CPU
		{33C42B88-3DB8-4394-83DC-F70C49C292E0}.Debug|Any CPU.Build.0 = Debug|Any CPU
		{33C42B88-3DB8-4394-83DC-F70C49C292E0}.Release|Any CPU.ActiveCfg = Release|Any CPU
		{33C42B88-3DB8-4394-83DC-F70C49C292E0}.Release|Any CPU.Build.0 = Release|Any CPU
		{4F9EA5EB-8321-4AED-AF31-61437BF9A3D5}.Debug|Any CPU.ActiveCfg = Debug|Any CPU
		{4F9EA5EB-8321-4AED-AF31-61437BF9A3D5}.Debug|Any CPU.Build.0 = Debug|Any CPU
		{4F9EA5EB-8321-4AED-AF31-61437BF9A3D5}.Release|Any CPU.ActiveCfg = Release|Any CPU
		{4F9EA5EB-8321-4AED-AF31-61437BF9A3D5}.Release|Any CPU.Build.0 = Release|Any CPU
	EndGlobalSection
	GlobalSection(SolutionProperties) = preSolution
		HideSolutionNode = FALSE
	EndGlobalSection
	GlobalSection(NestedProjects) = preSolution
		{E0B594C9-5720-491B-BF19-D3C814CF8C9E} = {6DDC989E-1074-4D59-B3C0-3FF84E639B1B}
		{A06E6C8A-2CF4-42C6-9AB5-04EFE417955A} = {6DDC989E-1074-4D59-B3C0-3FF84E639B1B}
		{AFF9FE83-A00D-4779-9E40-C6D03F3381E4} = {6DDC989E-1074-4D59-B3C0-3FF84E639B1B}
		{2DFF9FAF-51ED-42FE-B7AC-CF74F8587955} = {A06E6C8A-2CF4-42C6-9AB5-04EFE417955A}
		{253266AB-20E2-4817-A4A2-5C25BF3F13D6} = {AFF9FE83-A00D-4779-9E40-C6D03F3381E4}
		{ED34647C-D7D4-4B3E-B233-E64C4544CF56} = {2DFF9FAF-51ED-42FE-B7AC-CF74F8587955}
		{D959EF1B-BE9E-4B31-8745-F3F431561DB1} = {253266AB-20E2-4817-A4A2-5C25BF3F13D6}
		{22470EFF-E7C2-4683-A1B0-AC59A42B5A77} = {E0B594C9-5720-491B-BF19-D3C814CF8C9E}
		{4171AA67-C399-4B61-9F04-9D3FE26A2366} = {22470EFF-E7C2-4683-A1B0-AC59A42B5A77}
		{4A8ED163-8C80-4B26-842C-8129C6F13B15} = {A06E6C8A-2CF4-42C6-9AB5-04EFE417955A}
		{4BD057E2-73BE-4044-9C9F-EBDA2BA14EE2} = {A06E6C8A-2CF4-42C6-9AB5-04EFE417955A}
		{10167739-4ADA-4977-B50B-C7D58ECB01B7} = {A06E6C8A-2CF4-42C6-9AB5-04EFE417955A}
		{FACC69A2-8A62-40BD-8712-2FD7F0A74580} = {A06E6C8A-2CF4-42C6-9AB5-04EFE417955A}
		{13A76273-5159-4633-BD51-B3529E62A661} = {A06E6C8A-2CF4-42C6-9AB5-04EFE417955A}
		{CF8D0639-11EE-4A38-99F2-C759B9A09DBC} = {4A8ED163-8C80-4B26-842C-8129C6F13B15}
		{97293331-ACF0-403A-9DAE-0E7F8319A6B9} = {4BD057E2-73BE-4044-9C9F-EBDA2BA14EE2}
		{30119BBD-07BD-4254-93B0-078CB4279D08} = {10167739-4ADA-4977-B50B-C7D58ECB01B7}
		{33C42B88-3DB8-4394-83DC-F70C49C292E0} = {FACC69A2-8A62-40BD-8712-2FD7F0A74580}
		{4F9EA5EB-8321-4AED-AF31-61437BF9A3D5} = {13A76273-5159-4633-BD51-B3529E62A661}
	EndGlobalSection
	GlobalSection(ExtensibilityGlobals) = postSolution
		SolutionGuid = {06FCA3E9-2C6D-42A7-989D-1E4C8E6839E3}
	EndGlobalSection
EndGlobal
